
Microsoft Visual Studio Solution File, Format Version 12.00
# Visual Studio Version 16
VisualStudioVersion = 16.0.29728.190
MinimumVisualStudioVersion = 10.0.40219.1
Project("{FAE04EC0-301F-11D3-BF4B-00C04F79EFBC}") = "RailMLViewer", "RailMLViewer\RailMLViewer.csproj", "{AB8E888C-E4DA-4F8E-85F2-4B43732BC63B}"
EndProject
Global
	GlobalSection(SolutionConfigurationPlatforms) = preSolution
		Debug|Any CPU = Debug|Any CPU
		Release|Any CPU = Release|Any CPU
	EndGlobalSection
	GlobalSection(ProjectConfigurationPlatforms) = postSolution
		{AB8E888C-E4DA-4F8E-85F2-4B43732BC63B}.Debug|Any CPU.ActiveCfg = Debug|Any CPU
		{AB8E888C-E4DA-4F8E-85F2-4B43732BC63B}.Debug|Any CPU.Build.0 = Debug|Any CPU
		{AB8E888C-E4DA-4F8E-85F2-4B43732BC63B}.Release|Any CPU.ActiveCfg = Release|Any CPU
		{AB8E888C-E4DA-4F8E-85F2-4B43732BC63B}.Release|Any CPU.Build.0 = Release|Any CPU
	EndGlobalSection
	GlobalSection(SolutionProperties) = preSolution
		HideSolutionNode = FALSE
	EndGlobalSection
	GlobalSection(ExtensibilityGlobals) = postSolution
		SolutionGuid = {1E49A53F-32F9-486D-B24C-99C15CB39434}
	EndGlobalSection
EndGlobal
